github.com/bmizerany/pat v0.0.0-20170815010413-6226ea591a40 h1:y4B3+GPxKlrigF1ha5FFErxK+sr6sWxQovRMzwMhejo=
github.com/bmizerany/pat v0.0.0-20170815010413-6226ea591a40/go.mod h1:8rLXio+WjiTceGBHIoTvn60HIbs7Hm7bcHjyrSqYB9c=
github.com/rakyll/statik v0.1.5 h1:Ly2UjURzxnsSYS0zI50fZ+srA+Fu7EbpV5hglvJvJG0=
github.com/rakyll/statik v0.1.5/go.mod h1:OEi9wJV/fMUAGx1eNjq75DKDsJVuEv1U0oYdX6GX8Zs=
periph.io/x/periph v3.3.0+incompatible h1:WN3YBKL9iJQpMGv8ATMPLspWcFciYbc3U8uXi5EpoGE=
periph.io/x/periph v3.3.0+incompatible/go.mod h1:EWr+FCIU2dBWz5/wSWeiIUJTriYv9v2j2ENBmgYyy7Y=
